
Microsoft Visual Studio Solution File, Format Version 12.00
# Visual Studio 15
VisualStudioVersion = 15.0.27428.2037
MinimumVisualStudioVersion = 10.0.40219.1
Project("{FAE04EC0-301F-11D3-BF4B-00C04F79EFBC}") = "SDA", "SDA\SDA.csproj", "{290A419D-47B5-4554-8385-D6DBA1134C2F}"
EndProject
Project("{FAE04EC0-301F-11D3-BF4B-00C04F79EFBC}") = "SDA.Tests", "SDA.Tests\SDA.Tests.csproj", "{58CDA4E7-11FC-486C-B150-D3A6A25C1AB0}"
EndProject
Global
	GlobalSection(SolutionConfigurationPlatforms) = preSolution
		Debug|Any CPU = Debug|Any CPU
		Release|Any CPU = Release|Any CPU
	EndGlobalSection
	GlobalSection(ProjectConfigurationPlatforms) = postSolution
		{290A419D-47B5-4554-8385-D6DBA1134C2F}.Debug|Any CPU.ActiveCfg = Debug|Any CPU
		{290A419D-47B5-4554-8385-D6DBA1134C2F}.Debug|Any CPU.Build.0 = Debug|Any CPU
		{290A419D-47B5-4554-8385-D6DBA1134C2F}.Release|Any CPU.ActiveCfg = Release|Any CPU
		{290A419D-47B5-4554-8385-D6DBA1134C2F}.Release|Any CPU.Build.0 = Release|Any CPU
		{58CDA4E7-11FC-486C-B150-D3A6A25C1AB0}.Debug|Any CPU.ActiveCfg = Debug|Any CPU
		{58CDA4E7-11FC-486C-B150-D3A6A25C1AB0}.Debug|Any CPU.Build.0 = Debug|Any CPU
		{58CDA4E7-11FC-486C-B150-D3A6A25C1AB0}.Release|Any CPU.ActiveCfg = Release|Any CPU
		{58CDA4E7-11FC-486C-B150-D3A6A25C1AB0}.Release|Any CPU.Build.0 = Release|Any CPU
	EndGlobalSection
	GlobalSection(SolutionProperties) = preSolution
		HideSolutionNode = FALSE
	EndGlobalSection
	GlobalSection(ExtensibilityGlobals) = postSolution
		SolutionGuid = {8B98FD5D-F056-4241-8FA7-B7633575DA39}
	EndGlobalSection
EndGlobal
